
Microsoft Visual Studio Solution File, Format Version 12.00
Project("{FAE04EC0-301F-11D3-BF4B-00C04F79EFBC}") = "TracingSystem", "TracingSystem\TracingSystem.csproj", "{DBCC8FB3-831F-48A3-B550-0CED8CFABA40}"
EndProject
Global
	GlobalSection(SolutionConfigurationPlatforms) = preSolution
		Debug|Any CPU = Debug|Any CPU
		Release|Any CPU = Release|Any CPU
	EndGlobalSection
	GlobalSection(ProjectConfigurationPlatforms) = postSolution
		{DBCC8FB3-831F-48A3-B550-0CED8CFABA40}.Debug|Any CPU.ActiveCfg = Debug|Any CPU
		{DBCC8FB3-831F-48A3-B550-0CED8CFABA40}.Debug|Any CPU.Build.0 = Debug|Any CPU
		{DBCC8FB3-831F-48A3-B550-0CED8CFABA40}.Release|Any CPU.ActiveCfg = Release|Any CPU
		{DBCC8FB3-831F-48A3-B550-0CED8CFABA40}.Release|Any CPU.Build.0 = Release|Any CPU
	EndGlobalSection
EndGlobal
